
Microsoft Visual Studio Solution File, Format Version 12.00
# Visual Studio Version 17
VisualStudioVersion = 17.10.34916.146
MinimumVisualStudioVersion = 10.0.40219.1
Project("{9A19103F-16F7-4668-BE54-9A1E7A4F7556}") = "Banking.Api", "Banking.Api\Banking.Api.csproj", "{ECE4E0BB-45CC-4716-84AF-20F1E749DB4D}"
EndProject
Project("{9A19103F-16F7-4668-BE54-9A1E7A4F7556}") = "Banking.AppHost", "Banking.AppHost\Banking.AppHost.csproj", "{270680E1-E631-44BB-B3F6-C71722AF121D}"
EndProject
Project("{9A19103F-16F7-4668-BE54-9A1E7A4F7556}") = "Banking.ServiceDefaults", "Banking.ServiceDefaults\Banking.ServiceDefaults.csproj", "{BFCEF5D5-7B59-40EE-BA28-8E3F46B49C0D}"
EndProject
Project("{FAE04EC0-301F-11D3-BF4B-00C04F79EFBC}") = "Banking.Tests", "Banking.Tests\Banking.Tests.csproj", "{A6590F2D-17BF-4142-A977-BC9FDB0EB2D8}"
EndProject
Global
	GlobalSection(SolutionConfigurationPlatforms) = preSolution
		Debug|Any CPU = Debug|Any CPU
		Release|Any CPU = Release|Any CPU
	EndGlobalSection
	GlobalSection(ProjectConfigurationPlatforms) = postSolution
		{ECE4E0BB-45CC-4716-84AF-20F1E749DB4D}.Debug|Any CPU.ActiveCfg = Debug|Any CPU
		{ECE4E0BB-45CC-4716-84AF-20F1E749DB4D}.Debug|Any CPU.Build.0 = Debug|Any CPU
		{ECE4E0BB-45CC-4716-84AF-20F1E749DB4D}.Release|Any CPU.ActiveCfg = Release|Any CPU
		{ECE4E0BB-45CC-4716-84AF-20F1E749DB4D}.Release|Any CPU.Build.0 = Release|Any CPU
		{270680E1-E631-44BB-B3F6-C71722AF121D}.Debug|Any CPU.ActiveCfg = Debug|Any CPU
		{270680E1-E631-44BB-B3F6-C71722AF121D}.Debug|Any CPU.Build.0 = Debug|Any CPU
		{270680E1-E631-44BB-B3F6-C71722AF121D}.Release|Any CPU.ActiveCfg = Release|Any CPU
		{270680E1-E631-44BB-B3F6-C71722AF121D}.Release|Any CPU.Build.0 = Release|Any CPU
		{BFCEF5D5-7B59-40EE-BA28-8E3F46B49C0D}.Debug|Any CPU.ActiveCfg = Debug|Any CPU
		{BFCEF5D5-7B59-40EE-BA28-8E3F46B49C0D}.Debug|Any CPU.Build.0 = Debug|Any CPU
		{BFCEF5D5-7B59-40EE-BA28-8E3F46B49C0D}.Release|Any CPU.ActiveCfg = Release|Any CPU
		{BFCEF5D5-7B59-40EE-BA28-8E3F46B49C0D}.Release|Any CPU.Build.0 = Release|Any CPU
		{A6590F2D-17BF-4142-A977-BC9FDB0EB2D8}.Debug|Any CPU.ActiveCfg = Debug|Any CPU
		{A6590F2D-17BF-4142-A977-BC9FDB0EB2D8}.Debug|Any CPU.Build.0 = Debug|Any CPU
		{A6590F2D-17BF-4142-A977-BC9FDB0EB2D8}.Release|Any CPU.ActiveCfg = Release|Any CPU
		{A6590F2D-17BF-4142-A977-BC9FDB0EB2D8}.Release|Any CPU.Build.0 = Release|Any CPU
	EndGlobalSection
	GlobalSection(SolutionProperties) = preSolution
		HideSolutionNode = FALSE
	EndGlobalSection
	GlobalSection(ExtensibilityGlobals) = postSolution
		SolutionGuid = {89AB78AF-DD63-42C1-B3C2-1DBDED03EEB2}
	EndGlobalSection
EndGlobal
